<Solution>
  <Project Path="EmployeeManagement.Application/EmployeeManagement.Application.csproj" />
  <Project Path="EmployeeManagement.Blazor/EmployeeManagement.Blazor.csproj" />
  <Project Path="EmployeeManagement.Domain/EmployeeManagement.Domain.csproj" />
  <Project Path="EmployeeManagement.Infrastructure/EmployeeManagement.Infrastructure.csproj" />
  <Project Path="EmployeeManagement.Tests/EmployeeManagement.Tests.csproj" />
  <Project Path="EmployeeManagement.WebApi/EmployeeManagement.WebApi.csproj" />
</Solution>
